<Solution>
  <Configurations>
    <Platform Name="Any CPU" />
    <Platform Name="x64" />
    <Platform Name="x86" />
  </Configurations>
  <Project Path="StudentBloggAPI.IntegrationTests/StudentBloggAPI.IntegrationTests.csproj" />
  <Project Path="StudentBloggAPI/StudentBloggAPI.csproj" />
</Solution>
